Microsoft Visual Studio Solution File, Format Version 12.00
# Visual Studio Version 17
VisualStudioVersion = 17.5.2.0
MinimumVisualStudioVersion = 10.0.40219.1
Project("{FAE04EC0-301F-11D3-BF4B-00C04F79EFBC}") = "OppgaveKHBE0424", "OppgaveKHBE0424.csproj", "{C68071AF-1B8B-08FD-3F5B-B4E5655C2B89}"
EndProject
Global
	GlobalSection(SolutionConfigurationPlatforms) = preSolution
		Debug|Any CPU = Debug|Any CPU
		Release|Any CPU = Release|Any CPU
	EndGlobalSection
	GlobalSection(ProjectConfigurationPlatforms) = postSolution
		{C68071AF-1B8B-08FD-3F5B-B4E5655C2B89}.Debug|Any CPU.ActiveCfg = Debug|Any CPU
		{C68071AF-1B8B-08FD-3F5B-B4E5655C2B89}.Debug|Any CPU.Build.0 = Debug|Any CPU
		{C68071AF-1B8B-08FD-3F5B-B4E5655C2B89}.Release|Any CPU.ActiveCfg = Release|Any CPU
		{C68071AF-1B8B-08FD-3F5B-B4E5655C2B89}.Release|Any CPU.Build.0 = Release|Any CPU
	EndGlobalSection
	GlobalSection(SolutionProperties) = preSolution
		HideSolutionNode = FALSE
	EndGlobalSection
	GlobalSection(ExtensibilityGlobals) = postSolution
		SolutionGuid = {BFB606B0-F00E-4E8A-BB79-D29C44C7EE1F}
	EndGlobalSection
EndGlobal
